
Microsoft Visual Studio Solution File, Format Version 12.00
# Visual Studio Version 16
VisualStudioVersion = 16.0.29827.131
MinimumVisualStudioVersion = 10.0.40219.1
Project("{FAE04EC0-301F-11D3-BF4B-00C04F79EFBC}") = "UchetBook", "UchetBook\UchetBook.csproj", "{F964EEFA-EA2C-4219-BD00-8E8990972F69}"
EndProject
Global
	GlobalSection(SolutionConfigurationPlatforms) = preSolution
		Debug|Any CPU = Debug|Any CPU
		Release|Any CPU = Release|Any CPU
	EndGlobalSection
	GlobalSection(ProjectConfigurationPlatforms) = postSolution
		{F964EEFA-EA2C-4219-BD00-8E8990972F69}.Debug|Any CPU.ActiveCfg = Debug|Any CPU
		{F964EEFA-EA2C-4219-BD00-8E8990972F69}.Debug|Any CPU.Build.0 = Debug|Any CPU
		{F964EEFA-EA2C-4219-BD00-8E8990972F69}.Release|Any CPU.ActiveCfg = Release|Any CPU
		{F964EEFA-EA2C-4219-BD00-8E8990972F69}.Release|Any CPU.Build.0 = Release|Any CPU
	EndGlobalSection
	GlobalSection(SolutionProperties) = preSolution
		HideSolutionNode = FALSE
	EndGlobalSection
	GlobalSection(ExtensibilityGlobals) = postSolution
		SolutionGuid = {2B3E47C4-3E37-4A8D-AE57-DC6C695FC95E}
	EndGlobalSection
EndGlobal
